
Microsoft Visual Studio Solution File, Format Version 12.00
# Visual Studio Version 17
VisualStudioVersion = 17.0.31919.166
MinimumVisualStudioVersion = 10.0.40219.1
Project("{FAE04EC0-301F-11D3-BF4B-00C04F79EFBC}") = "ObservableCollection_WPF", "ObservableCollection_WPF\ObservableCollection_WPF.csproj", "{45D283A6-EFC7-4E1F-A5D4-A8BD60069D25}"
EndProject
Global
	GlobalSection(SolutionConfigurationPlatforms) = preSolution
		Debug|Any CPU = Debug|Any CPU
		Release|Any CPU = Release|Any CPU
	EndGlobalSection
	GlobalSection(ProjectConfigurationPlatforms) = postSolution
		{45D283A6-EFC7-4E1F-A5D4-A8BD60069D25}.Debug|Any CPU.ActiveCfg = Debug|Any CPU
		{45D283A6-EFC7-4E1F-A5D4-A8BD60069D25}.Debug|Any CPU.Build.0 = Debug|Any CPU
		{45D283A6-EFC7-4E1F-A5D4-A8BD60069D25}.Release|Any CPU.ActiveCfg = Release|Any CPU
		{45D283A6-EFC7-4E1F-A5D4-A8BD60069D25}.Release|Any CPU.Build.0 = Release|Any CPU
	EndGlobalSection
	GlobalSection(SolutionProperties) = preSolution
		HideSolutionNode = FALSE
	EndGlobalSection
	GlobalSection(ExtensibilityGlobals) = postSolution
		SolutionGuid = {B9E4FE11-9D55-4E0D-92C9-7DF8B952704E}
	EndGlobalSection
EndGlobal
